
Microsoft Visual Studio Solution File, Format Version 12.00
# Visual Studio Version 17
VisualStudioVersion = 17.8.34316.72
MinimumVisualStudioVersion = 10.0.40219.1
Project("{FAE04EC0-301F-11D3-BF4B-00C04F79EFBC}") = "ConsoleApp1", "ConsoleApp1.csproj", "{9AB94448-B453-417B-974F-69E263D55660}"
EndProject
Global
	GlobalSection(SolutionConfigurationPlatforms) = preSolution
		Debug|Any CPU = Debug|Any CPU
		Release|Any CPU = Release|Any CPU
	EndGlobalSection
	GlobalSection(ProjectConfigurationPlatforms) = postSolution
		{9AB94448-B453-417B-974F-69E263D55660}.Debug|Any CPU.ActiveCfg = Debug|Any CPU
		{9AB94448-B453-417B-974F-69E263D55660}.Debug|Any CPU.Build.0 = Debug|Any CPU
		{9AB94448-B453-417B-974F-69E263D55660}.Release|Any CPU.ActiveCfg = Release|Any CPU
		{9AB94448-B453-417B-974F-69E263D55660}.Release|Any CPU.Build.0 = Release|Any CPU
	EndGlobalSection
	GlobalSection(SolutionProperties) = preSolution
		HideSolutionNode = FALSE
	EndGlobalSection
	GlobalSection(ExtensibilityGlobals) = postSolution
		SolutionGuid = {5D4C48CC-0E3C-42DF-9AA5-B9002BF9CA15}
	EndGlobalSection
EndGlobal
